// !$*UTF8*$!
{
	archiveVersion = 1;
	classes = {
	};
	objectVersion = 56;
	objects = {

/* Begin PBXBuildFile section */
		550DE11329F31EE9009E4EEB /* Constants.swift in Sources */ = {isa = PBXBuildFile; fileRef = 550DE11229F31EE9009E4EEB /* Constants.swift */; };
		552F616929F1F09700FFBAE1 /* CCMBApp.swift in Sources */ = {isa = PBXBuildFile; fileRef = 552F616829F1F09700FFBAE1 /* CCMBApp.swift */; };
		552F616B29F1F09700FFBAE1 /* CurrencyBarView.swift in Sources */ = {isa = PBXBuildFile; fileRef = 552F616A29F1F09700FFBAE1 /* CurrencyBarView.swift */; };
		552F616D29F1F09900FFBAE1 /* Assets.xcassets in Resources */ = {isa = PBXBuildFile; fileRef = 552F616C29F1F09900FFBAE1 /* Assets.xcassets */; };
		552F617029F1F09900FFBAE1 /* Preview Assets.xcassets in Resources */ = {isa = PBXBuildFile; fileRef = 552F616F29F1F09900FFBAE1 /* Preview Assets.xcassets */; };
		552F617C29F1FF2300FFBAE1 /* CurrencyModel.swift in Sources */ = {isa = PBXBuildFile; fileRef = 552F617B29F1FF2300FFBAE1 /* CurrencyModel.swift */; };
		552F617E29F1FFE200FFBAE1 /* CurrencyViewModel.swift in Sources */ = {isa = PBXBuildFile; fileRef = 552F617D29F1FFE200FFBAE1 /* CurrencyViewModel.swift */; };
		558E620929F324F600E37AA7 /* LoadingView.swift in Sources */ = {isa = PBXBuildFile; fileRef = 558E620829F324F600E37AA7 /* LoadingView.swift */; };
/* End PBXBuildFile section */

/* Begin PBXFileReference section */
		550DE11229F31EE9009E4EEB /* Constants.swift */ = {isa = PBXFileReference; lastKnownFileType = sourcecode.swift; path = Constants.swift; sourceTree = "<group>"; };
		552F616529F1F09700FFBAE1 /* CCMB.app */ = {isa = PBXFileReference; explicitFileType = wrapper.application; includeInIndex = 0; path = CCMB.app; sourceTree = BUILT_PRODUCTS_DIR; };
		552F616829F1F09700FFBAE1 /* CCMBApp.swift */ = {isa = PBXFileReference; lastKnownFileType = sourcecode.swift; path = CCMBApp.swift; sourceTree = "<group>"; };
		552F616A29F1F09700FFBAE1 /* CurrencyBarView.swift */ = {isa = PBXFileReference; lastKnownFileType = sourcecode.swift; path = CurrencyBarView.swift; sourceTree = "<group>"; };
		552F616C29F1F09900FFBAE1 /* Assets.xcassets */ = {isa = PBXFileReference; lastKnownFileType = folder.assetcatalog; path = Assets.xcassets; sourceTree = "<group>"; };
		552F616F29F1F09900FFBAE1 /* Preview Assets.xcassets */ = {isa = PBXFileReference; lastKnownFileType = folder.assetcatalog; path = "Preview Assets.xcassets"; sourceTree = "<group>"; };
		552F617129F1F09900FFBAE1 /* CCMB.entitlements */ = {isa = PBXFileReference; lastKnownFileType = text.plist.entitlements; path = CCMB.entitlements; sourceTree = "<group>"; };
		552F617B29F1FF2300FFBAE1 /* CurrencyModel.swift */ = {isa = PBXFileReference; lastKnownFileType = sourcecode.swift; path = CurrencyModel.swift; sourceTree = "<group>"; };
		552F617D29F1FFE200FFBAE1 /* CurrencyViewModel.swift */ = {isa = PBXFileReference; lastKnownFileType = sourcecode.swift; path = CurrencyViewModel.swift; sourceTree = "<group>"; };
		558E620829F324F600E37AA7 /* LoadingView.swift */ = {isa = PBXFileReference; lastKnownFileType = sourcecode.swift; path = LoadingView.swift; sourceTree = "<group>"; };
/* End PBXFileReference section */

/* Begin PBXFrameworksBuildPhase section */
		552F616229F1F09700FFBAE1 /* Frameworks */ = {
			isa = PBXFrameworksBuildPhase;
			buildActionMask = 2147483647;
			files = (
			);
			runOnlyForDeploymentPostprocessing = 0;
		};
/* End PBXFrameworksBuildPhase section */

/* Begin PBXGroup section */
		550DE11129F31ED6009E4EEB /* Utilities */ = {
			isa = PBXGroup;
			children = (
				550DE11229F31EE9009E4EEB /* Constants.swift */,
				558E620829F324F600E37AA7 /* LoadingView.swift */,
			);
			path = Utilities;
			sourceTree = "<group>";
		};
		552F615C29F1F09700FFBAE1 = {
			isa = PBXGroup;
			children = (
				552F616729F1F09700FFBAE1 /* CCMB */,
				552F616629F1F09700FFBAE1 /* Products */,
			);
			sourceTree = "<group>";
		};
		552F616629F1F09700FFBAE1 /* Products */ = {
			isa = PBXGroup;
			children = (
				552F616529F1F09700FFBAE1 /* CCMB.app */,
			);
			name = Products;
			sourceTree = "<group>";
		};
		552F616729F1F09700FFBAE1 /* CCMB */ = {
			isa = PBXGroup;
			children = (
				550DE11129F31ED6009E4EEB /* Utilities */,
				552F617729F1F0CC00FFBAE1 /* CurrencyBar */,
				552F616829F1F09700FFBAE1 /* CCMBApp.swift */,
				552F616C29F1F09900FFBAE1 /* Assets.xcassets */,
				552F617129F1F09900FFBAE1 /* CCMB.entitlements */,
				552F616E29F1F09900FFBAE1 /* Preview Content */,
			);
			path = CCMB;
			sourceTree = "<group>";
		};
		552F616E29F1F09900FFBAE1 /* Preview Content */ = {
			isa = PBXGroup;
			children = (
				552F616F29F1F09900FFBAE1 /* Preview Assets.xcassets */,
			);
			path = "Preview Content";
			sourceTree = "<group>";
		};
		552F617729F1F0CC00FFBAE1 /* CurrencyBar */ = {
			isa = PBXGroup;
			children = (
				552F616A29F1F09700FFBAE1 /* CurrencyBarView.swift */,
				552F617B29F1FF2300FFBAE1 /* CurrencyModel.swift */,
				552F617D29F1FFE200FFBAE1 /* CurrencyViewModel.swift */,
			);
			path = CurrencyBar;
			sourceTree = "<group>";
		};
/* End PBXGroup section */

/* Begin PBXNativeTarget section */
		552F616429F1F09700FFBAE1 /* CCMB */ = {
			isa = PBXNativeTarget;
			buildConfigurationList = 552F617429F1F09900FFBAE1 /* Build configuration list for PBXNativeTarget "CCMB" */;
			buildPhases = (
				552F616129F1F09700FFBAE1 /* Sources */,
				552F616229F1F09700FFBAE1 /* Frameworks */,
				552F616329F1F09700FFBAE1 /* Resources */,
			);
			buildRules = (
			);
			dependencies = (
			);
			name = CCMB;
			productName = CCMB;
			productReference = 552F616529F1F09700FFBAE1 /* CCMB.app */;
			productType = "com.apple.product-type.application";
		};
/* End PBXNativeTarget section */

/* Begin PBXProject section */
		552F615D29F1F09700FFBAE1 /* Project object */ = {
			isa = PBXProject;
			attributes = {
				BuildIndependentTargetsInParallel = 1;
				LastSwiftUpdateCheck = 1430;
				LastUpgradeCheck = 1430;
				TargetAttributes = {
					552F616429F1F09700FFBAE1 = {
						CreatedOnToolsVersion = 14.3;
					};
				};
			};
			buildConfigurationList = 552F616029F1F09700FFBAE1 /* Build configuration list for PBXProject "CCMB" */;
			compatibilityVersion = "Xcode 14.0";
			developmentRegion = en;
			hasScannedForEncodings = 0;
			knownRegions = (
				en,
				Base,
			);
			mainGroup = 552F615C29F1F09700FFBAE1;
			productRefGroup = 552F616629F1F09700FFBAE1 /* Products */;
			projectDirPath = "";
			projectRoot = "";
			targets = (
				552F616429F1F09700FFBAE1 /* CCMB */,
			);
		};
/* End PBXProject section */

/* Begin PBXResourcesBuildPhase section */
		552F616329F1F09700FFBAE1 /* Resources */ = {
			isa = PBXResourcesBuildPhase;
			buildActionMask = 2147483647;
			files = (
				552F617029F1F09900FFBAE1 /* Preview Assets.xcassets in Resources */,
				552F616D29F1F09900FFBAE1 /* Assets.xcassets in Resources */,
			);
			runOnlyForDeploymentPostprocessing = 0;
		};
/* End PBXResourcesBuildPhase section */

/* Begin PBXSourcesBuildPhase section */
		552F616129F1F09700FFBAE1 /* Sources */ = {
			isa = PBXSourcesBuildPhase;
			buildActionMask = 2147483647;
			files = (
				550DE11329F31EE9009E4EEB /* Constants.swift in Sources */,
				552F616B29F1F09700FFBAE1 /* CurrencyBarView.swift in Sources */,
				552F617E29F1FFE200FFBAE1 /* CurrencyViewModel.swift in Sources */,
				552F617C29F1FF2300FFBAE1 /* CurrencyModel.swift in Sources */,
				552F616929F1F09700FFBAE1 /* CCMBApp.swift in Sources */,
				558E620929F324F600E37AA7 /* LoadingView.swift in Sources */,
			);
			runOnlyForDeploymentPostprocessing = 0;
		};
/* End PBXSourcesBuildPhase section */

/* Begin XCBuildConfiguration section */
		552F617229F1F09900FFBAE1 /* Debug */ = {
			isa = XCBuildConfiguration;
			buildSettings = {
				ALWAYS_SEARCH_USER_PATHS = NO;
				CLANG_ANALYZER_NONNULL = YES;
				CLANG_ANALYZER_NUMBER_OBJECT_CONVERSION = YES_AGGRESSIVE;
				CLANG_CXX_LANGUAGE_STANDARD = "gnu++20";
				CLANG_ENABLE_MODULES = YES;
				CLANG_ENABLE_OBJC_ARC = YES;
				CLANG_ENABLE_OBJC_WEAK = YES;
				CLANG_WARN_BLOCK_CAPTURE_AUTORELEASING = YES;
				CLANG_WARN_BOOL_CONVERSION = YES;
				CLANG_WARN_COMMA = YES;
				CLANG_WARN_CONSTANT_CONVERSION = YES;
				CLANG_WARN_DEPRECATED_OBJC_IMPLEMENTATIONS = YES;
				CLANG_WARN_DIRECT_OBJC_ISA_USAGE = YES_ERROR;
				CLANG_WARN_DOCUMENTATION_COMMENTS = YES;
				CLANG_WARN_EMPTY_BODY = YES;
				CLANG_WARN_ENUM_CONVERSION = YES;
				CLANG_WARN_INFINITE_RECURSION = YES;
				CLANG_WARN_INT_CONVERSION = YES;
				CLANG_WARN_NON_LITERAL_NULL_CONVERSION = YES;
				CLANG_WARN_OBJC_IMPLICIT_RETAIN_SELF = YES;
				CLANG_WARN_OBJC_LITERAL_CONVERSION = YES;
				CLANG_WARN_OBJC_ROOT_CLASS = YES_ERROR;
				CLANG_WARN_QUOTED_INCLUDE_IN_FRAMEWORK_HEADER = YES;
				CLANG_WARN_RANGE_LOOP_ANALYSIS = YES;
				CLANG_WARN_STRICT_PROTOTYPES = YES;
				CLANG_WARN_SUSPICIOUS_MOVE = YES;
				CLANG_WARN_UNGUARDED_AVAILABILITY = YES_AGGRESSIVE;
				CLANG_WARN_UNREACHABLE_CODE = YES;
				CLANG_WARN__DUPLICATE_METHOD_MATCH = YES;
				COPY_PHASE_STRIP = NO;
				DEBUG_INFORMATION_FORMAT = dwarf;
				ENABLE_STRICT_OBJC_MSGSEND = YES;
				ENABLE_TESTABILITY = YES;
				GCC_C_LANGUAGE_STANDARD = gnu11;
				GCC_DYNAMIC_NO_PIC = NO;
				GCC_NO_COMMON_BLOCKS = YES;
				GCC_OPTIMIZATION_LEVEL = 0;
				GCC_PREPROCESSOR_DEFINITIONS = (
					"DEBUG=1",
					"$(inherited)",
				);
				GCC_WARN_64_TO_32_BIT_CONVERSION = YES;
				GCC_WARN_ABOUT_RETURN_TYPE = YES_ERROR;
				GCC_WARN_UNDECLARED_SELECTOR = YES;
				GCC_WARN_UNINITIALIZED_AUTOS = YES_AGGRESSIVE;
				GCC_WARN_UNUSED_FUNCTION = YES;
				GCC_WARN_UNUSED_VARIABLE = YES;
				MACOSX_DEPLOYMENT_TARGET = 13.3;
				MTL_ENABLE_DEBUG_INFO = INCLUDE_SOURCE;
				MTL_FAST_MATH = YES;
				ONLY_ACTIVE_ARCH = YES;
				SDKROOT = macosx;
				SWIFT_ACTIVE_COMPILATION_CONDITIONS = DEBUG;
				SWIFT_OPTIMIZATION_LEVEL = "-Onone";
			};
			name = Debug;
		};
		552F617329F1F09900FFBAE1 /* Release */ = {
			isa = XCBuildConfiguration;
			buildSettings = {
				ALWAYS_SEARCH_USER_PATHS = NO;
				CLANG_ANALYZER_NONNULL = YES;
				CLANG_ANALYZER_NUMBER_OBJECT_CONVERSION = YES_AGGRESSIVE;
				CLANG_CXX_LANGUAGE_STANDARD = "gnu++20";
				CLANG_ENABLE_MODULES = YES;
				CLANG_ENABLE_OBJC_ARC = YES;
				CLANG_ENABLE_OBJC_WEAK = YES;
				CLANG_WARN_BLOCK_CAPTURE_AUTORELEASING = YES;
				CLANG_WARN_BOOL_CONVERSION = YES;
				CLANG_WARN_COMMA = YES;
				CLANG_WARN_CONSTANT_CONVERSION = YES;
				CLANG_WARN_DEPRECATED_OBJC_IMPLEMENTATIONS = YES;
				CLANG_WARN_DIRECT_OBJC_ISA_USAGE = YES_ERROR;
				CLANG_WARN_DOCUMENTATION_COMMENTS = YES;
				CLANG_WARN_EMPTY_BODY = YES;
				CLANG_WARN_ENUM_CONVERSION = YES;
				CLANG_WARN_INFINITE_RECURSION = YES;
				CLANG_WARN_INT_CONVERSION = YES;
				CLANG_WARN_NON_LITERAL_NULL_CONVERSION = YES;
				CLANG_WARN_OBJC_IMPLICIT_RETAIN_SELF = YES;
				CLANG_WARN_OBJC_LITERAL_CONVERSION = YES;
				CLANG_WARN_OBJC_ROOT_CLASS = YES_ERROR;
				CLANG_WARN_QUOTED_INCLUDE_IN_FRAMEWORK_HEADER = YES;
				CLANG_WARN_RANGE_LOOP_ANALYSIS = YES;
				CLANG_WARN_STRICT_PROTOTYPES = YES;
				CLANG_WARN_SUSPICIOUS_MOVE = YES;
				CLANG_WARN_UNGUARDED_AVAILABILITY = YES_AGGRESSIVE;
				CLANG_WARN_UNREACHABLE_CODE = YES;
				CLANG_WARN__DUPLICATE_METHOD_MATCH = YES;
				COPY_PHASE_STRIP = NO;
				DEBUG_INFORMATION_FORMAT = "dwarf-with-dsym";
				ENABLE_NS_ASSERTIONS = NO;
				ENABLE_STRICT_OBJC_MSGSEND = YES;
				GCC_C_LANGUAGE_STANDARD = gnu11;
				GCC_NO_COMMON_BLOCKS = YES;
				GCC_WARN_64_TO_32_BIT_CONVERSION = YES;
				GCC_WARN_ABOUT_RETURN_TYPE = YES_ERROR;
				GCC_WARN_UNDECLARED_SELECTOR = YES;
				GCC_WARN_UNINITIALIZED_AUTOS = YES_AGGRESSIVE;
				GCC_WARN_UNUSED_FUNCTION = YES;
				GCC_WARN_UNUSED_VARIABLE = YES;
				MACOSX_DEPLOYMENT_TARGET = 13.3;
				MTL_ENABLE_DEBUG_INFO = NO;
				MTL_FAST_MATH = YES;
				SDKROOT = macosx;
				SWIFT_COMPILATION_MODE = wholemodule;
				SWIFT_OPTIMIZATION_LEVEL = "-O";
			};
			name = Release;
		};
		552F617529F1F09900FFBAE1 /* Debug */ = {
			isa = XCBuildConfiguration;
			buildSettings = {
				ASSETCATALOG_COMPILER_APPICON_NAME = AppIcon;
				ASSETCATALOG_COMPILER_GLOBAL_ACCENT_COLOR_NAME = AccentColor;
				CODE_SIGN_ENTITLEMENTS = CCMB/CCMB.entitlements;
				CODE_SIGN_STYLE = Automatic;
				COMBINE_HIDPI_IMAGES = YES;
				CURRENT_PROJECT_VERSION = 1;
				DEVELOPMENT_ASSET_PATHS = "\"CCMB/Preview Content\"";
				ENABLE_PREVIEWS = YES;
				GENERATE_INFOPLIST_FILE = YES;
				INFOPLIST_KEY_NSHumanReadableCopyright = "";
				LD_RUNPATH_SEARCH_PATHS = (
					"$(inherited)",
					"@executable_path/../Frameworks",
				);
				MARKETING_VERSION = 1.0;
				PRODUCT_BUNDLE_IDENTIFIER = com.tahatuna.CCMB;
				PRODUCT_NAME = "$(TARGET_NAME)";
				SWIFT_EMIT_LOC_STRINGS = YES;
				SWIFT_VERSION = 5.0;
			};
			name = Debug;
		};
		552F617629F1F09900FFBAE1 /* Release */ = {
			isa = XCBuildConfiguration;
			buildSettings = {
				ASSETCATALOG_COMPILER_APPICON_NAME = AppIcon;
				ASSETCATALOG_COMPILER_GLOBAL_ACCENT_COLOR_NAME = AccentColor;
				CODE_SIGN_ENTITLEMENTS = CCMB/CCMB.entitlements;
				CODE_SIGN_STYLE = Automatic;
				COMBINE_HIDPI_IMAGES = YES;
				CURRENT_PROJECT_VERSION = 1;
				DEVELOPMENT_ASSET_PATHS = "\"CCMB/Preview Content\"";
				ENABLE_PREVIEWS = YES;
				GENERATE_INFOPLIST_FILE = YES;
				INFOPLIST_KEY_NSHumanReadableCopyright = "";
				LD_RUNPATH_SEARCH_PATHS = (
					"$(inherited)",
					"@executable_path/../Frameworks",
				);
				MARKETING_VERSION = 1.0;
				PRODUCT_BUNDLE_IDENTIFIER = com.tahatuna.CCMB;
				PRODUCT_NAME = "$(TARGET_NAME)";
				SWIFT_EMIT_LOC_STRINGS = YES;
				SWIFT_VERSION = 5.0;
			};
			name = Release;
		};
/* End XCBuildConfiguration section */

/* Begin XCConfigurationList section */
		552F616029F1F09700FFBAE1 /* Build configuration list for PBXProject "CCMB" */ = {
			isa = XCConfigurationList;
			buildConfigurations = (
				552F617229F1F09900FFBAE1 /* Debug */,
				552F617329F1F09900FFBAE1 /* Release */,
			);
			defaultConfigurationIsVisible = 0;
			defaultConfigurationName = Release;
		};
		552F617429F1F09900FFBAE1 /* Build configuration list for PBXNativeTarget "CCMB" */ = {
			isa = XCConfigurationList;
			buildConfigurations = (
				552F617529F1F09900FFBAE1 /* Debug */,
				552F617629F1F09900FFBAE1 /* Release */,
			);
			defaultConfigurationIsVisible = 0;
			defaultConfigurationName = Release;
		};
/* End XCConfigurationList section */
	};
	rootObject = 552F615D29F1F09700FFBAE1 /* Project object */;
}
